
Microsoft Visual Studio Solution File, Format Version 12.00
# Visual Studio Version 17
VisualStudioVersion = 17.2.32630.192
MinimumVisualStudioVersion = 10.0.40219.1
Project("{9A19103F-16F7-4668-BE54-9A1E7A4F7556}") = "CoffeeShop", "CoffeeShop\CoffeeShop.csproj", "{4706758A-3A76-4837-ACA9-0D16F8489FAF}"
EndProject
Project("{9A19103F-16F7-4668-BE54-9A1E7A4F7556}") = "CoffeeShopTest", "CoffeeShopTest\CoffeeShopTest.csproj", "{C5D853FF-79D1-42E6-A75D-A89CCA87BFC3}"
EndProject
Project("{FAE04EC0-301F-11D3-BF4B-00C04F79EFBC}") = "Streams", "Streams\Streams.csproj", "{21D453E3-22BC-41D0-8FFF-1259AB9FEB9E}"
EndProject
Global
	GlobalSection(SolutionConfigurationPlatforms) = preSolution
		Debug|Any CPU = Debug|Any CPU
		Release|Any CPU = Release|Any CPU
	EndGlobalSection
	GlobalSection(ProjectConfigurationPlatforms) = postSolution
		{4706758A-3A76-4837-ACA9-0D16F8489FAF}.Debug|Any CPU.ActiveCfg = Debug|Any CPU
		{4706758A-3A76-4837-ACA9-0D16F8489FAF}.Debug|Any CPU.Build.0 = Debug|Any CPU
		{4706758A-3A76-4837-ACA9-0D16F8489FAF}.Release|Any CPU.ActiveCfg = Release|Any CPU
		{4706758A-3A76-4837-ACA9-0D16F8489FAF}.Release|Any CPU.Build.0 = Release|Any CPU
		{C5D853FF-79D1-42E6-A75D-A89CCA87BFC3}.Debug|Any CPU.ActiveCfg = Debug|Any CPU
		{C5D853FF-79D1-42E6-A75D-A89CCA87BFC3}.Debug|Any CPU.Build.0 = Debug|Any CPU
		{C5D853FF-79D1-42E6-A75D-A89CCA87BFC3}.Release|Any CPU.ActiveCfg = Release|Any CPU
		{C5D853FF-79D1-42E6-A75D-A89CCA87BFC3}.Release|Any CPU.Build.0 = Release|Any CPU
		{21D453E3-22BC-41D0-8FFF-1259AB9FEB9E}.Debug|Any CPU.ActiveCfg = Debug|Any CPU
		{21D453E3-22BC-41D0-8FFF-1259AB9FEB9E}.Debug|Any CPU.Build.0 = Debug|Any CPU
		{21D453E3-22BC-41D0-8FFF-1259AB9FEB9E}.Release|Any CPU.ActiveCfg = Release|Any CPU
		{21D453E3-22BC-41D0-8FFF-1259AB9FEB9E}.Release|Any CPU.Build.0 = Release|Any CPU
	EndGlobalSection
	GlobalSection(SolutionProperties) = preSolution
		HideSolutionNode = FALSE
	EndGlobalSection
	GlobalSection(ExtensibilityGlobals) = postSolution
		SolutionGuid = {B42C2B8B-2397-49F2-A4CE-6F819B738090}
	EndGlobalSection
EndGlobal
